{
  "version": 4,
  "terraform_version": "1.1.2",
  "serial": 49,
  "lineage": "14ffa301-a4fd-661f-7f98-e622b1b59e30",
  "outputs": {},
  "resources": [
    {
      "mode": "managed",
      "type": "aws_eip_association",
      "name": "eip_assoc",
      "provider": "provider[\"registry.terraform.io/hashicorp/aws\"]",
      "instances": [
        {
          "schema_version": 0,
          "attributes": {
            "allocation_id": "eipalloc-0148cce4b496d9acc",
            "allow_reassociation": null,
            "id": "eipassoc-080c3779495107e7d",
            "instance_id": "i-09159f93446392575",
            "network_interface_id": "eni-07c6f16a3c80f39cb",
            "private_ip_address": "172.31.0.200",
            "public_ip": "54.91.185.86"
          },
          "sensitive_attributes": [],
          "private": "bnVsbA==",
          "dependencies": [
            "module.my-ec2-module.aws_instance.elhadji-ec2",
            "module.my-eip-module.aws_eip.elhadji-eip"
          ]
        }
      ]
    },
    {
      "mode": "managed",
      "type": "aws_volume_attachment",
      "name": "ebs_att",
      "provider": "provider[\"registry.terraform.io/hashicorp/aws\"]",
      "instances": [
        {
          "schema_version": 0,
          "attributes": {
            "device_name": "/dev/sdh",
            "force_detach": null,
            "id": "vai-1112825353",
            "instance_id": "i-09159f93446392575",
            "skip_destroy": null,
            "stop_instance_before_detaching": null,
            "volume_id": "vol-0b2471178058a9bfb"
          },
          "sensitive_attributes": [],
          "private": "bnVsbA==",
          "dependencies": [
            "module.my-ebs-module.aws_ebs_volume.elhadji-ebs",
            "module.my-ec2-module.aws_instance.elhadji-ec2"
          ]
        }
      ]
    },
    {
      "mode": "managed",
      "type": "local_file",
      "name": "datafile",
      "provider": "provider[\"registry.terraform.io/hashicorp/local\"]",
      "instances": [
        {
          "schema_version": 0,
          "attributes": {
            "content": "L'ip de votre déploiement est 54.91.185.86",
            "content_base64": null,
            "directory_permission": "0777",
            "file_permission": "0777",
            "filename": "../ip_ec2.txt",
            "id": "1c9324d2023cd7368f5919faac3e13b69f6d9d2e",
            "sensitive_content": null,
            "source": null
          },
          "sensitive_attributes": [],
          "private": "bnVsbA==",
          "dependencies": [
            "module.my-eip-module.aws_eip.elhadji-eip"
          ]
        }
      ]
    },
    {
      "module": "module.my-ebs-module",
      "mode": "managed",
      "type": "aws_ebs_volume",
      "name": "elhadji-ebs",
      "provider": "provider[\"registry.terraform.io/hashicorp/aws\"]",
      "instances": [
        {
          "schema_version": 0,
          "attributes": {
            "arn": "arn:aws:ec2:us-east-1:532000499530:volume/vol-0b2471178058a9bfb",
            "availability_zone": "us-east-1a",
            "encrypted": false,
            "id": "vol-0b2471178058a9bfb",
            "iops": 100,
            "kms_key_id": "",
            "multi_attach_enabled": false,
            "outpost_arn": "",
            "size": 10,
            "snapshot_id": "",
            "tags": {
              "Name": "elhadji-ebs-terraform",
              "formateur": "Frazer"
            },
            "tags_all": {
              "Name": "elhadji-ebs-terraform",
              "formateur": "Frazer"
            },
            "throughput": 0,
            "type": "gp2"
          },
          "sensitive_attributes": [],
          "private": "bnVsbA=="
        }
      ]
    },
    {
      "module": "module.my-ec2-module",
      "mode": "managed",
      "type": "aws_instance",
      "name": "elhadji-ec2",
      "provider": "provider[\"registry.terraform.io/hashicorp/aws\"]",
      "instances": [
        {
          "schema_version": 1,
          "attributes": {
            "ami": "ami-04505e74c0741db8d",
            "arn": "arn:aws:ec2:us-east-1:532000499530:instance/i-09159f93446392575",
            "associate_public_ip_address": true,
            "availability_zone": "us-east-1a",
            "capacity_reservation_specification": [
              {
                "capacity_reservation_preference": "open",
                "capacity_reservation_target": []
              }
            ],
            "cpu_core_count": 1,
            "cpu_threads_per_core": 1,
            "credit_specification": [
              {
                "cpu_credits": "standard"
              }
            ],
            "disable_api_termination": false,
            "ebs_block_device": [],
            "ebs_optimized": false,
            "enclave_options": [
              {
                "enabled": false
              }
            ],
            "ephemeral_block_device": [],
            "get_password_data": false,
            "hibernation": false,
            "host_id": null,
            "iam_instance_profile": "",
            "id": "i-09159f93446392575",
            "instance_initiated_shutdown_behavior": "stop",
            "instance_state": "running",
            "instance_type": "t2.small",
            "ipv6_address_count": 0,
            "ipv6_addresses": [],
            "key_name": "elhadji-kp-ajc",
            "launch_template": [],
            "metadata_options": [
              {
                "http_endpoint": "enabled",
                "http_put_response_hop_limit": 1,
                "http_tokens": "optional"
              }
            ],
            "monitoring": false,
            "network_interface": [],
            "outpost_arn": "",
            "password_data": "",
            "placement_group": "",
            "placement_partition_number": null,
            "primary_network_interface_id": "eni-07c6f16a3c80f39cb",
            "private_dns": "ip-172-31-0-200.ec2.internal",
            "private_ip": "172.31.0.200",
            "public_dns": "ec2-44-192-37-159.compute-1.amazonaws.com",
            "public_ip": "44.192.37.159",
            "root_block_device": [
              {
                "delete_on_termination": true,
                "device_name": "/dev/sda1",
                "encrypted": false,
                "iops": 100,
                "kms_key_id": "",
                "tags": {},
                "throughput": 0,
                "volume_id": "vol-05d126f9c76c76589",
                "volume_size": 8,
                "volume_type": "gp2"
              }
            ],
            "secondary_private_ips": [],
            "security_groups": [
              "elhadji-sg-terraform"
            ],
            "source_dest_check": true,
            "subnet_id": "subnet-cc10bcaa",
            "tags": {
              "Name": "elhadji-ec2",
              "formateur": "Frazer",
              "iac": "terraform"
            },
            "tags_all": {
              "Name": "elhadji-ec2",
              "formateur": "Frazer",
              "iac": "terraform"
            },
            "tenancy": "default",
            "timeouts": null,
            "user_data": "b13fd57b3f51474b271e0290cc4fde866abd6be1",
            "user_data_base64": null,
            "volume_tags": null,
            "vpc_security_group_ids": [
              "sg-06f32d34f812142cb"
            ]
          },
          "sensitive_attributes": [],
          "private": "eyJlMmJmYjczMC1lY2FhLTExZTYtOGY4OC0zNDM2M2JjN2M0YzAiOnsiY3JlYXRlIjo2MDAwMDAwMDAwMDAsImRlbGV0ZSI6MTIwMDAwMDAwMDAwMCwidXBkYXRlIjo2MDAwMDAwMDAwMDB9LCJzY2hlbWFfdmVyc2lvbiI6IjEifQ=="
        }
      ]
    },
    {
      "module": "module.my-eip-module",
      "mode": "managed",
      "type": "aws_eip",
      "name": "elhadji-eip",
      "provider": "provider[\"registry.terraform.io/hashicorp/aws\"]",
      "instances": [
        {
          "schema_version": 0,
          "attributes": {
            "address": null,
            "allocation_id": "eipalloc-0148cce4b496d9acc",
            "associate_with_private_ip": null,
            "association_id": "",
            "carrier_ip": "",
            "customer_owned_ip": "",
            "customer_owned_ipv4_pool": "",
            "domain": "vpc",
            "id": "eipalloc-0148cce4b496d9acc",
            "instance": "",
            "network_border_group": "us-east-1",
            "network_interface": "",
            "private_dns": null,
            "private_ip": "",
            "public_dns": "ec2-54-91-185-86.compute-1.amazonaws.com",
            "public_ip": "54.91.185.86",
            "public_ipv4_pool": "amazon",
            "tags": {
              "Name": "elhadji-elastic-ip",
              "formateur": "Frazer"
            },
            "tags_all": {
              "Name": "elhadji-elastic-ip",
              "formateur": "Frazer"
            },
            "timeouts": null,
            "vpc": true
          },
          "sensitive_attributes": [],
          "private": "eyJlMmJmYjczMC1lY2FhLTExZTYtOGY4OC0zNDM2M2JjN2M0YzAiOnsiZGVsZXRlIjoxODAwMDAwMDAwMDAsInJlYWQiOjkwMDAwMDAwMDAwMCwidXBkYXRlIjozMDAwMDAwMDAwMDB9fQ=="
        }
      ]
    },
    {
      "module": "module.my-sg-module",
      "mode": "managed",
      "type": "aws_security_group",
      "name": "elhadji-sg",
      "provider": "provider[\"registry.terraform.io/hashicorp/aws\"]",
      "instances": [
        {
          "schema_version": 1,
          "attributes": {
            "arn": "arn:aws:ec2:us-east-1:532000499530:security-group/sg-06f32d34f812142cb",
            "description": "Allow inbound traffic",
            "egress": [
              {
                "cidr_blocks": [
                  "0.0.0.0/0"
                ],
                "description": "",
                "from_port": 0,
                "ipv6_cidr_blocks": [],
                "prefix_list_ids": [],
                "protocol": "-1",
                "security_groups": [],
                "self": false,
                "to_port": 0
              }
            ],
            "id": "sg-06f32d34f812142cb",
            "ingress": [
              {
                "cidr_blocks": [
                  "0.0.0.0/0"
                ],
                "description": "TLS from VPC",
                "from_port": 443,
                "ipv6_cidr_blocks": [],
                "prefix_list_ids": [],
                "protocol": "tcp",
                "security_groups": [],
                "self": false,
                "to_port": 443
              },
              {
                "cidr_blocks": [
                  "0.0.0.0/0"
                ],
                "description": "TLS from VPC",
                "from_port": 80,
                "ipv6_cidr_blocks": [],
                "prefix_list_ids": [],
                "protocol": "tcp",
                "security_groups": [],
                "self": false,
                "to_port": 80
              }
            ],
            "name": "elhadji-sg-terraform",
            "name_prefix": "",
            "owner_id": "532000499530",
            "revoke_rules_on_delete": false,
            "tags": {
              "Name": "elhadji-sg-terraform",
              "formateur": "Frazer"
            },
            "tags_all": {
              "Name": "elhadji-sg-terraform",
              "formateur": "Frazer"
            },
            "timeouts": null,
            "vpc_id": "vpc-ee669e93"
          },
          "sensitive_attributes": [],
          "private": "eyJlMmJmYjczMC1lY2FhLTExZTYtOGY4OC0zNDM2M2JjN2M0YzAiOnsiY3JlYXRlIjo2MDAwMDAwMDAwMDAsImRlbGV0ZSI6OTAwMDAwMDAwMDAwfSwic2NoZW1hX3ZlcnNpb24iOiIxIn0="
        }
      ]
    }
  ]
}
